Microsoft Visual Studio Solution File, Format Version 11.00
# Visual Studio 2008

Project("{4F4265AE-5A65-7597-EB97-2C83A58CDCC0}") = "Neneneko", "Assembly-CSharp.csproj", "{E4C524E6-5CA5-BC70-AD93-3EEEA29CCC29}"
EndProject
Global
	GlobalSection(SolutionConfigurationPlatforms) = preSolution
		Debug|Any CPU = Debug|Any CPU
		Release|Any CPU = Release|Any CPU
	EndGlobalSection
	GlobalSection(ProjectConfigurationPlatforms) = postSolution
		{E4C524E6-5CA5-BC70-AD93-3EEEA29CCC29}.Debug|Any CPU.ActiveCfg = Debug|Any CPU
		{E4C524E6-5CA5-BC70-AD93-3EEEA29CCC29}.Debug|Any CPU.Build.0 = Debug|Any CPU
		{E4C524E6-5CA5-BC70-AD93-3EEEA29CCC29}.Release|Any CPU.ActiveCfg = Release|Any CPU
		{E4C524E6-5CA5-BC70-AD93-3EEEA29CCC29}.Release|Any CPU.Build.0 = Release|Any CPU
	EndGlobalSection
	GlobalSection(SolutionProperties) = preSolution
		HideSolutionNode = FALSE
	EndGlobalSection
	GlobalSection(MonoDevelopProperties) = preSolution
		StartupItem = Assembly-CSharp.csproj
	EndGlobalSection
EndGlobal
